# @generated by Move, please check-in and do not edit manually.

[move]
version = 3
manifest_digest = "A3FB1FE7BEAB3718F7A83AF960547B44C37242D40FDDC40C2B72AE43498BC4CF"
deps_digest = "F8BBB0CCB2491CA29A3DF03D6F92277A4F3574266507ACD77214D37ECA3F3082"
dependencies = [
  { id = "Sui", name = "Sui" },
]

[[move.package]]
id = "MoveStdlib"
source = { git = "https://github.com/MystenLabs/sui.git", rev = "framework/devnet", subdir = "crates/sui-framework/packages/move-stdlib" }

[[move.package]]
id = "Sui"
source = { git = "https://github.com/MystenLabs/sui.git", rev = "framework/devnet", subdir = "crates/sui-framework/packages/sui-framework" }

dependencies = [
  { id = "MoveStdlib", name = "MoveStdlib" },
]

[move.toolchain-version]
compiler-version = "1.41.1"
edition = "2024.beta"
flavor = "sui"

[env]

[env.devnet]
chain-id = "3f2108a2"
original-published-id = "0x8bb21dd58bd49ce3a6a95e214e3737500cb55c1a99b13a14d579408401d9aa1c"
latest-published-id = "0x8bb21dd58bd49ce3a6a95e214e3737500cb55c1a99b13a14d579408401d9aa1c"
published-version = "1"
